
Microsoft Visual Studio Solution File, Format Version 12.00
# Visual Studio Version 16
VisualStudioVersion = 16.0.31624.102
MinimumVisualStudioVersion = 10.0.40219.1
Project("{FAE04EC0-301F-11D3-BF4B-00C04F79EFBC}") = "oop_project", "oop_project\oop_project.csproj", "{4F37A827-4B55-418C-892A-6D1D53722BAD}"
EndProject
Global
	GlobalSection(SolutionConfigurationPlatforms) = preSolution
		Debug|Any CPU = Debug|Any CPU
		Release|Any CPU = Release|Any CPU
	EndGlobalSection
	GlobalSection(ProjectConfigurationPlatforms) = postSolution
		{4F37A827-4B55-418C-892A-6D1D53722BAD}.Debug|Any CPU.ActiveCfg = Debug|Any CPU
		{4F37A827-4B55-418C-892A-6D1D53722BAD}.Debug|Any CPU.Build.0 = Debug|Any CPU
		{4F37A827-4B55-418C-892A-6D1D53722BAD}.Release|Any CPU.ActiveCfg = Release|Any CPU
		{4F37A827-4B55-418C-892A-6D1D53722BAD}.Release|Any CPU.Build.0 = Release|Any CPU
	EndGlobalSection
	GlobalSection(SolutionProperties) = preSolution
		HideSolutionNode = FALSE
	EndGlobalSection
	GlobalSection(ExtensibilityGlobals) = postSolution
		SolutionGuid = {167405F8-73EB-4A4D-8C63-C84A0C09BEEC}
	EndGlobalSection
EndGlobal
